
Microsoft Visual Studio Solution File, Format Version 12.00
# Visual Studio Version 17
VisualStudioVersion = 17.13.35828.75
MinimumVisualStudioVersion = 10.0.40219.1
Project("{FAE04EC0-301F-11D3-BF4B-00C04F79EFBC}") = "StemSchool", "StemSchool.csproj", "{073355CE-090E-4287-844D-F466DAF7DD8B}"
EndProject
Project("{C7167F0D-BC9F-4E6E-AFE1-012C56B48DB5}") = "STPackage", "..\STPackage\STPackage.wapproj", "{CC48F442-A287-4D18-AF72-709EA27F9C3B}"
EndProject
Global
	GlobalSection(SolutionConfigurationPlatforms) = preSolution
		Debug|Any CPU = Debug|Any CPU
		Debug|ARM = Debug|ARM
		Debug|ARM64 = Debug|ARM64
		Debug|x64 = Debug|x64
		Debug|x86 = Debug|x86
		Release|Any CPU = Release|Any CPU
		Release|ARM = Release|ARM
		Release|ARM64 = Release|ARM64
		Release|x64 = Release|x64
		Release|x86 = Release|x86
	EndGlobalSection
	GlobalSection(ProjectConfigurationPlatforms) = postSolution
		{073355CE-090E-4287-844D-F466DAF7DD8B}.Debug|Any CPU.ActiveCfg = Debug|Any CPU
		{073355CE-090E-4287-844D-F466DAF7DD8B}.Debug|Any CPU.Build.0 = Debug|Any CPU
		{073355CE-090E-4287-844D-F466DAF7DD8B}.Debug|ARM.ActiveCfg = Debug|Any CPU
		{073355CE-090E-4287-844D-F466DAF7DD8B}.Debug|ARM.Build.0 = Debug|Any CPU
		{073355CE-090E-4287-844D-F466DAF7DD8B}.Debug|ARM64.ActiveCfg = Debug|Any CPU
		{073355CE-090E-4287-844D-F466DAF7DD8B}.Debug|ARM64.Build.0 = Debug|Any CPU
		{073355CE-090E-4287-844D-F466DAF7DD8B}.Debug|x64.ActiveCfg = Debug|Any CPU
		{073355CE-090E-4287-844D-F466DAF7DD8B}.Debug|x64.Build.0 = Debug|Any CPU
		{073355CE-090E-4287-844D-F466DAF7DD8B}.Debug|x86.ActiveCfg = Debug|Any CPU
		{073355CE-090E-4287-844D-F466DAF7DD8B}.Debug|x86.Build.0 = Debug|Any CPU
		{073355CE-090E-4287-844D-F466DAF7DD8B}.Release|Any CPU.ActiveCfg = Release|Any CPU
		{073355CE-090E-4287-844D-F466DAF7DD8B}.Release|Any CPU.Build.0 = Release|Any CPU
		{073355CE-090E-4287-844D-F466DAF7DD8B}.Release|ARM.ActiveCfg = Release|Any CPU
		{073355CE-090E-4287-844D-F466DAF7DD8B}.Release|ARM.Build.0 = Release|Any CPU
		{073355CE-090E-4287-844D-F466DAF7DD8B}.Release|ARM64.ActiveCfg = Release|Any CPU
		{073355CE-090E-4287-844D-F466DAF7DD8B}.Release|ARM64.Build.0 = Release|Any CPU
		{073355CE-090E-4287-844D-F466DAF7DD8B}.Release|x64.ActiveCfg = Release|Any CPU
		{073355CE-090E-4287-844D-F466DAF7DD8B}.Release|x64.Build.0 = Release|Any CPU
		{073355CE-090E-4287-844D-F466DAF7DD8B}.Release|x86.ActiveCfg = Release|Any CPU
		{073355CE-090E-4287-844D-F466DAF7DD8B}.Release|x86.Build.0 = Release|Any CPU
		{CC48F442-A287-4D18-AF72-709EA27F9C3B}.Debug|Any CPU.ActiveCfg = Debug|Any CPU
		{CC48F442-A287-4D18-AF72-709EA27F9C3B}.Debug|Any CPU.Build.0 = Debug|Any CPU
		{CC48F442-A287-4D18-AF72-709EA27F9C3B}.Debug|Any CPU.Deploy.0 = Debug|Any CPU
		{CC48F442-A287-4D18-AF72-709EA27F9C3B}.Debug|ARM.ActiveCfg = Debug|ARM
		{CC48F442-A287-4D18-AF72-709EA27F9C3B}.Debug|ARM.Build.0 = Debug|ARM
		{CC48F442-A287-4D18-AF72-709EA27F9C3B}.Debug|ARM.Deploy.0 = Debug|ARM
		{CC48F442-A287-4D18-AF72-709EA27F9C3B}.Debug|ARM64.ActiveCfg = Debug|ARM64
		{CC48F442-A287-4D18-AF72-709EA27F9C3B}.Debug|ARM64.Build.0 = Debug|ARM64
		{CC48F442-A287-4D18-AF72-709EA27F9C3B}.Debug|ARM64.Deploy.0 = Debug|ARM64
		{CC48F442-A287-4D18-AF72-709EA27F9C3B}.Debug|x64.ActiveCfg = Debug|x64
		{CC48F442-A287-4D18-AF72-709EA27F9C3B}.Debug|x64.Build.0 = Debug|x64
		{CC48F442-A287-4D18-AF72-709EA27F9C3B}.Debug|x64.Deploy.0 = Debug|x64
		{CC48F442-A287-4D18-AF72-709EA27F9C3B}.Debug|x86.ActiveCfg = Debug|x86
		{CC48F442-A287-4D18-AF72-709EA27F9C3B}.Debug|x86.Build.0 = Debug|x86
		{CC48F442-A287-4D18-AF72-709EA27F9C3B}.Debug|x86.Deploy.0 = Debug|x86
		{CC48F442-A287-4D18-AF72-709EA27F9C3B}.Release|Any CPU.ActiveCfg = Release|Any CPU
		{CC48F442-A287-4D18-AF72-709EA27F9C3B}.Release|Any CPU.Build.0 = Release|Any CPU
		{CC48F442-A287-4D18-AF72-709EA27F9C3B}.Release|Any CPU.Deploy.0 = Release|Any CPU
		{CC48F442-A287-4D18-AF72-709EA27F9C3B}.Release|ARM.ActiveCfg = Release|ARM
		{CC48F442-A287-4D18-AF72-709EA27F9C3B}.Release|ARM.Build.0 = Release|ARM
		{CC48F442-A287-4D18-AF72-709EA27F9C3B}.Release|ARM.Deploy.0 = Release|ARM
		{CC48F442-A287-4D18-AF72-709EA27F9C3B}.Release|ARM64.ActiveCfg = Release|ARM64
		{CC48F442-A287-4D18-AF72-709EA27F9C3B}.Release|ARM64.Build.0 = Release|ARM64
		{CC48F442-A287-4D18-AF72-709EA27F9C3B}.Release|ARM64.Deploy.0 = Release|ARM64
		{CC48F442-A287-4D18-AF72-709EA27F9C3B}.Release|x64.ActiveCfg = Release|x64
		{CC48F442-A287-4D18-AF72-709EA27F9C3B}.Release|x64.Build.0 = Release|x64
		{CC48F442-A287-4D18-AF72-709EA27F9C3B}.Release|x64.Deploy.0 = Release|x64
		{CC48F442-A287-4D18-AF72-709EA27F9C3B}.Release|x86.ActiveCfg = Release|x86
		{CC48F442-A287-4D18-AF72-709EA27F9C3B}.Release|x86.Build.0 = Release|x86
		{CC48F442-A287-4D18-AF72-709EA27F9C3B}.Release|x86.Deploy.0 = Release|x86
	EndGlobalSection
	GlobalSection(SolutionProperties) = preSolution
		HideSolutionNode = FALSE
	EndGlobalSection
	GlobalSection(ExtensibilityGlobals) = postSolution
		SolutionGuid = {AB5FD310-37E9-4C6D-A81B-3CD2E1D46B42}
	EndGlobalSection
EndGlobal
